
Microsoft Visual Studio Solution File, Format Version 12.00
# Visual Studio Version 17
VisualStudioVersion = 17.14.36202.13
MinimumVisualStudioVersion = 10.0.40219.1
Project("{FAE04EC0-301F-11D3-BF4B-00C04F79EFBC}") = "SWP391.Application", "SWP391.Application\SWP391.Application.csproj", "{C3B4AEDC-741E-40B2-8517-3C6396F1EAB0}"
EndProject
Project("{FAE04EC0-301F-11D3-BF4B-00C04F79EFBC}") = "SWP391.Infrastructure", "SWP391.Infrastructure\SWP391.Infrastructure.csproj", "{3ACA32EA-FCF8-4A9D-A9A4-E15669D3E053}"
EndProject
Project("{FAE04EC0-301F-11D3-BF4B-00C04F79EFBC}") = "SWP391.Api", "SWP391.Api\SWP391.Api.csproj", "{669D4CA5-E2FC-4A06-8C62-C12149E9B19F}"
EndProject
Project("{2150E333-8FDC-42A3-9474-1A3956D46DE8}") = "Solution Items", "Solution Items", "{8EC462FD-D22E-90A8-E5CE-7E832BA40C5D}"
	ProjectSection(SolutionItems) = preProject
		.gitignore = .gitignore
	EndProjectSection
EndProject
Global
	GlobalSection(SolutionConfigurationPlatforms) = preSolution
		Debug|Any CPU = Debug|Any CPU
		Release|Any CPU = Release|Any CPU
	EndGlobalSection
	GlobalSection(ProjectConfigurationPlatforms) = postSolution
		{C3B4AEDC-741E-40B2-8517-3C6396F1EAB0}.Debug|Any CPU.ActiveCfg = Debug|Any CPU
		{C3B4AEDC-741E-40B2-8517-3C6396F1EAB0}.Debug|Any CPU.Build.0 = Debug|Any CPU
		{C3B4AEDC-741E-40B2-8517-3C6396F1EAB0}.Release|Any CPU.ActiveCfg = Release|Any CPU
		{C3B4AEDC-741E-40B2-8517-3C6396F1EAB0}.Release|Any CPU.Build.0 = Release|Any CPU
		{3ACA32EA-FCF8-4A9D-A9A4-E15669D3E053}.Debug|Any CPU.ActiveCfg = Debug|Any CPU
		{3ACA32EA-FCF8-4A9D-A9A4-E15669D3E053}.Debug|Any CPU.Build.0 = Debug|Any CPU
		{3ACA32EA-FCF8-4A9D-A9A4-E15669D3E053}.Release|Any CPU.ActiveCfg = Release|Any CPU
		{3ACA32EA-FCF8-4A9D-A9A4-E15669D3E053}.Release|Any CPU.Build.0 = Release|Any CPU
		{669D4CA5-E2FC-4A06-8C62-C12149E9B19F}.Debug|Any CPU.ActiveCfg = Debug|Any CPU
		{669D4CA5-E2FC-4A06-8C62-C12149E9B19F}.Debug|Any CPU.Build.0 = Debug|Any CPU
		{669D4CA5-E2FC-4A06-8C62-C12149E9B19F}.Release|Any CPU.ActiveCfg = Release|Any CPU
		{669D4CA5-E2FC-4A06-8C62-C12149E9B19F}.Release|Any CPU.Build.0 = Release|Any CPU
	EndGlobalSection
	GlobalSection(SolutionProperties) = preSolution
		HideSolutionNode = FALSE
	EndGlobalSection
	GlobalSection(ExtensibilityGlobals) = postSolution
		SolutionGuid = {6440457E-EC6F-40C5-BE27-394E5020512B}
	EndGlobalSection
EndGlobal
